{
  "originHash" : "ba69a80b8bcb269aca1bf11b71de88edf45f174f206cfda17752840cf35e486d",
  "pins" : [
    {
      "identity" : "swift-extensions",
      "kind" : "remoteSourceControl",
      "location" : "https://github.com/fizker/swift-extensions.git",
      "state" : {
        "revision" : "c66708a1fcd0f42798f3345231edca60d60e48e5",
        "version" : "1.4.0"
      }
    }
  ],
  "version" : 3
}
